
Microsoft Visual Studio Solution File, Format Version 12.00
# Visual Studio Version 16
VisualStudioVersion = 16.0.30330.147
MinimumVisualStudioVersion = 10.0.40219.1
Project("{9A19103F-16F7-4668-BE54-9A1E7A4F7556}") = "SpiritsOfTheForgotten", "SpiritsOfTheForgotten.csproj", "{2EC4F9B0-6C74-43D1-9A6C-64ED07F323AB}"
EndProject
Global
	GlobalSection(SolutionConfigurationPlatforms) = preSolution
		Debug|Any CPU = Debug|Any CPU
		Release|Any CPU = Release|Any CPU
	EndGlobalSection
	GlobalSection(ProjectConfigurationPlatforms) = postSolution
		{2EC4F9B0-6C74-43D1-9A6C-64ED07F323AB}.Debug|Any CPU.ActiveCfg = Debug|Any CPU
		{2EC4F9B0-6C74-43D1-9A6C-64ED07F323AB}.Debug|Any CPU.Build.0 = Debug|Any CPU
		{2EC4F9B0-6C74-43D1-9A6C-64ED07F323AB}.Release|Any CPU.ActiveCfg = Release|Any CPU
		{2EC4F9B0-6C74-43D1-9A6C-64ED07F323AB}.Release|Any CPU.Build.0 = Release|Any CPU
	EndGlobalSection
	GlobalSection(SolutionProperties) = preSolution
		HideSolutionNode = FALSE
	EndGlobalSection
	GlobalSection(ExtensibilityGlobals) = postSolution
		SolutionGuid = {7BFF1327-0D0C-47B4-A9C2-5B7FADAEB443}
	EndGlobalSection
EndGlobal
